
Microsoft Visual Studio Solution File, Format Version 12.00
# Visual Studio Version 17
VisualStudioVersion = 17.9.34728.123
MinimumVisualStudioVersion = 10.0.40219.1
Project("{FAE04EC0-301F-11D3-BF4B-00C04F79EFBC}") = "AZSampleHello", "AZSampleHello\AZSampleHello.csproj", "{8E24A1B5-E2D2-4434-BB26-E77CC2E53C9B}"
EndProject
Project("{FAE04EC0-301F-11D3-BF4B-00C04F79EFBC}") = "Containertest", "Containertest\Containertest.csproj", "{C93FD2AF-9CDB-438D-B375-228B999DC769}"
EndProject
Project("{FAE04EC0-301F-11D3-BF4B-00C04F79EFBC}") = "MyFunctionApp", "MyFunctionApp\MyFunctionApp.csproj", "{90CB4988-5FCE-4C7D-B154-F95CEABDF011}"
EndProject
Global
	GlobalSection(SolutionConfigurationPlatforms) = preSolution
		Debug|Any CPU = Debug|Any CPU
		Release|Any CPU = Release|Any CPU
	EndGlobalSection
	GlobalSection(ProjectConfigurationPlatforms) = postSolution
		{8E24A1B5-E2D2-4434-BB26-E77CC2E53C9B}.Debug|Any CPU.ActiveCfg = Debug|Any CPU
		{8E24A1B5-E2D2-4434-BB26-E77CC2E53C9B}.Debug|Any CPU.Build.0 = Debug|Any CPU
		{8E24A1B5-E2D2-4434-BB26-E77CC2E53C9B}.Release|Any CPU.ActiveCfg = Release|Any CPU
		{8E24A1B5-E2D2-4434-BB26-E77CC2E53C9B}.Release|Any CPU.Build.0 = Release|Any CPU
		{C93FD2AF-9CDB-438D-B375-228B999DC769}.Debug|Any CPU.ActiveCfg = Debug|Any CPU
		{C93FD2AF-9CDB-438D-B375-228B999DC769}.Debug|Any CPU.Build.0 = Debug|Any CPU
		{C93FD2AF-9CDB-438D-B375-228B999DC769}.Release|Any CPU.ActiveCfg = Release|Any CPU
		{C93FD2AF-9CDB-438D-B375-228B999DC769}.Release|Any CPU.Build.0 = Release|Any CPU
		{90CB4988-5FCE-4C7D-B154-F95CEABDF011}.Debug|Any CPU.ActiveCfg = Debug|Any CPU
		{90CB4988-5FCE-4C7D-B154-F95CEABDF011}.Debug|Any CPU.Build.0 = Debug|Any CPU
		{90CB4988-5FCE-4C7D-B154-F95CEABDF011}.Release|Any CPU.ActiveCfg = Release|Any CPU
		{90CB4988-5FCE-4C7D-B154-F95CEABDF011}.Release|Any CPU.Build.0 = Release|Any CPU
	EndGlobalSection
	GlobalSection(SolutionProperties) = preSolution
		HideSolutionNode = FALSE
	EndGlobalSection
	GlobalSection(ExtensibilityGlobals) = postSolution
		SolutionGuid = {9D10C67E-68A7-4A89-91CE-20F518743785}
	EndGlobalSection
EndGlobal
